
Microsoft Visual Studio Solution File, Format Version 12.00
# Visual Studio 15
VisualStudioVersion = 15.0.27703.2047
MinimumVisualStudioVersion = 10.0.40219.1
Project("{FAE04EC0-301F-11D3-BF4B-00C04F79EFBC}") = "Store.Model", "Store.Model\Store.Model.csproj", "{CDAF1914-6282-47CE-8E2F-0205E8F9F8F3}"
EndProject
Project("{FAE04EC0-301F-11D3-BF4B-00C04F79EFBC}") = "Store.Data", "Store.Data\Store.Data.csproj", "{2C4604BB-D8BF-4E33-9E8D-D7C834032261}"
EndProject
Project("{FAE04EC0-301F-11D3-BF4B-00C04F79EFBC}") = "Store.Service", "Store.Service\Store.Service.csproj", "{A85C86EE-EFDC-45C3-852A-895D95F93355}"
EndProject
Project("{FAE04EC0-301F-11D3-BF4B-00C04F79EFBC}") = "Store.Web", "Store.Web\Store.Web.csproj", "{10FCBEB0-697F-4FF5-8680-67D0D041A71D}"
EndProject
Global
	GlobalSection(SolutionConfigurationPlatforms) = preSolution
		Debug|Any CPU = Debug|Any CPU
		Release|Any CPU = Release|Any CPU
	EndGlobalSection
	GlobalSection(ProjectConfigurationPlatforms) = postSolution
		{CDAF1914-6282-47CE-8E2F-0205E8F9F8F3}.Debug|Any CPU.ActiveCfg = Debug|Any CPU
		{CDAF1914-6282-47CE-8E2F-0205E8F9F8F3}.Debug|Any CPU.Build.0 = Debug|Any CPU
		{CDAF1914-6282-47CE-8E2F-0205E8F9F8F3}.Release|Any CPU.ActiveCfg = Release|Any CPU
		{CDAF1914-6282-47CE-8E2F-0205E8F9F8F3}.Release|Any CPU.Build.0 = Release|Any CPU
		{2C4604BB-D8BF-4E33-9E8D-D7C834032261}.Debug|Any CPU.ActiveCfg = Debug|Any CPU
		{2C4604BB-D8BF-4E33-9E8D-D7C834032261}.Debug|Any CPU.Build.0 = Debug|Any CPU
		{2C4604BB-D8BF-4E33-9E8D-D7C834032261}.Release|Any CPU.ActiveCfg = Release|Any CPU
		{2C4604BB-D8BF-4E33-9E8D-D7C834032261}.Release|Any CPU.Build.0 = Release|Any CPU
		{A85C86EE-EFDC-45C3-852A-895D95F93355}.Debug|Any CPU.ActiveCfg = Debug|Any CPU
		{A85C86EE-EFDC-45C3-852A-895D95F93355}.Debug|Any CPU.Build.0 = Debug|Any CPU
		{A85C86EE-EFDC-45C3-852A-895D95F93355}.Release|Any CPU.ActiveCfg = Release|Any CPU
		{A85C86EE-EFDC-45C3-852A-895D95F93355}.Release|Any CPU.Build.0 = Release|Any CPU
		{10FCBEB0-697F-4FF5-8680-67D0D041A71D}.Debug|Any CPU.ActiveCfg = Debug|Any CPU
		{10FCBEB0-697F-4FF5-8680-67D0D041A71D}.Debug|Any CPU.Build.0 = Debug|Any CPU
		{10FCBEB0-697F-4FF5-8680-67D0D041A71D}.Release|Any CPU.ActiveCfg = Release|Any CPU
		{10FCBEB0-697F-4FF5-8680-67D0D041A71D}.Release|Any CPU.Build.0 = Release|Any CPU
	EndGlobalSection
	GlobalSection(SolutionProperties) = preSolution
		HideSolutionNode = FALSE
	EndGlobalSection
	GlobalSection(ExtensibilityGlobals) = postSolution
		SolutionGuid = {4073C0AE-1920-4AB5-9CA0-BC08A01E8F22}
	EndGlobalSection
EndGlobal
